// !$*UTF8*$!
{
	archiveVersion = 1;
	classes = {
	};
	objectVersion = 50;
	objects = {

/* Begin PBXBuildFile section */
		2349B2BB21ED145D003875F2 /* AppDelegate.swift in Sources */ = {isa = PBXBuildFile; fileRef = 2349B2BA21ED145D003875F2 /* AppDelegate.swift */; };
		2349B2BD21ED145D003875F2 /* ViewController.swift in Sources */ = {isa = PBXBuildFile; fileRef = 2349B2BC21ED145D003875F2 /* ViewController.swift */; };
		2349B2C021ED145D003875F2 /* Main.storyboard in Resources */ = {isa = PBXBuildFile; fileRef = 2349B2BE21ED145D003875F2 /* Main.storyboard */; };
		2349B2C221ED145F003875F2 /* Assets.xcassets in Resources */ = {isa = PBXBuildFile; fileRef = 2349B2C121ED145F003875F2 /* Assets.xcassets */; };
		2349B2C521ED145F003875F2 /* LaunchScreen.storyboard in Resources */ = {isa = PBXBuildFile; fileRef = 2349B2C321ED145F003875F2 /* LaunchScreen.storyboard */; };
		2349B2D021ED145F003875F2 /* SuperCoolTests.swift in Sources */ = {isa = PBXBuildFile; fileRef = 2349B2CF21ED145F003875F2 /* SuperCoolTests.swift */; };
		2349B2DB21ED145F003875F2 /* SuperCoolUITests.swift in Sources */ = {isa = PBXBuildFile; fileRef = 2349B2DA21ED145F003875F2 /* SuperCoolUITests.swift */; };
/* End PBXBuildFile section */

/* Begin PBXContainerItemProxy section */
		2349B2CC21ED145F003875F2 /* PBXContainerItemProxy */ = {
			isa = PBXContainerItemProxy;
			containerPortal = 2349B2AF21ED145D003875F2 /* Project object */;
			proxyType = 1;
			remoteGlobalIDString = 2349B2B621ED145D003875F2;
			remoteInfo = SuperCool;
		};
		2349B2D721ED145F003875F2 /* PBXContainerItemProxy */ = {
			isa = PBXContainerItemProxy;
			containerPortal = 2349B2AF21ED145D003875F2 /* Project object */;
			proxyType = 1;
			remoteGlobalIDString = 2349B2B621ED145D003875F2;
			remoteInfo = SuperCool;
		};
/* End PBXContainerItemProxy section */

/* Begin PBXFileReference section */
		2349B2B721ED145D003875F2 /* SuperCool.app */ = {isa = PBXFileReference; explicitFileType = wrapper.application; includeInIndex = 0; path = SuperCool.app; sourceTree = BUILT_PRODUCTS_DIR; };
		2349B2BA21ED145D003875F2 /* AppDelegate.swift */ = {isa = PBXFileReference; lastKnownFileType = sourcecode.swift; path = AppDelegate.swift; sourceTree = "<group>"; };
		2349B2BC21ED145D003875F2 /* ViewController.swift */ = {isa = PBXFileReference; lastKnownFileType = sourcecode.swift; path = ViewController.swift; sourceTree = "<group>"; };
		2349B2BF21ED145D003875F2 /* Base */ = {isa = PBXFileReference; lastKnownFileType = file.storyboard; name = Base; path = Base.lproj/Main.storyboard; sourceTree = "<group>"; };
		2349B2C121ED145F003875F2 /* Assets.xcassets */ = {isa = PBXFileReference; lastKnownFileType = folder.assetcatalog; path = Assets.xcassets; sourceTree = "<group>"; };
		2349B2C421ED145F003875F2 /* Base */ = {isa = PBXFileReference; lastKnownFileType = file.storyboard; name = Base; path = Base.lproj/LaunchScreen.storyboard; sourceTree = "<group>"; };
		2349B2C621ED145F003875F2 /* Info.plist */ = {isa = PBXFileReference; lastKnownFileType = text.plist.xml; path = Info.plist; sourceTree = "<group>"; };
		2349B2CB21ED145F003875F2 /* SuperCoolTests.xctest */ = {isa = PBXFileReference; explicitFileType = wrapper.cfbundle; includeInIndex = 0; path = SuperCoolTests.xctest; sourceTree = BUILT_PRODUCTS_DIR; };
		2349B2CF21ED145F003875F2 /* SuperCoolTests.swift */ = {isa = PBXFileReference; lastKnownFileType = sourcecode.swift; path = SuperCoolTests.swift; sourceTree = "<group>"; };
		2349B2D121ED145F003875F2 /* Info.plist */ = {isa = PBXFileReference; lastKnownFileType = text.plist.xml; path = Info.plist; sourceTree = "<group>"; };
		2349B2D621ED145F003875F2 /* SuperCoolUITests.xctest */ = {isa = PBXFileReference; explicitFileType = wrapper.cfbundle; includeInIndex = 0; path = SuperCoolUITests.xctest; sourceTree = BUILT_PRODUCTS_DIR; };
		2349B2DA21ED145F003875F2 /* SuperCoolUITests.swift */ = {isa = PBXFileReference; lastKnownFileType = sourcecode.swift; path = SuperCoolUITests.swift; sourceTree = "<group>"; };
		2349B2DC21ED145F003875F2 /* Info.plist */ = {isa = PBXFileReference; lastKnownFileType = text.plist.xml; path = Info.plist; sourceTree = "<group>"; };
/* End PBXFileReference section */

/* Begin PBXFrameworksBuildPhase section */
		2349B2B421ED145D003875F2 /* Frameworks */ = {
			isa = PBXFrameworksBuildPhase;
			buildActionMask = 2147483647;
			files = (
			);
			runOnlyForDeploymentPostprocessing = 0;
		};
		2349B2C821ED145F003875F2 /* Frameworks */ = {
			isa = PBXFrameworksBuildPhase;
			buildActionMask = 2147483647;
			files = (
			);
			runOnlyForDeploymentPostprocessing = 0;
		};
		2349B2D321ED145F003875F2 /* Frameworks */ = {
			isa = PBXFrameworksBuildPhase;
			buildActionMask = 2147483647;
			files = (
			);
			runOnlyForDeploymentPostprocessing = 0;
		};
/* End PBXFrameworksBuildPhase section */

/* Begin PBXGroup section */
		2349B2AE21ED145D003875F2 = {
			isa = PBXGroup;
			children = (
				2349B2B921ED145D003875F2 /* SuperCool */,
				2349B2CE21ED145F003875F2 /* SuperCoolTests */,
				2349B2D921ED145F003875F2 /* SuperCoolUITests */,
				2349B2B821ED145D003875F2 /* Products */,
			);
			sourceTree = "<group>";
		};
		2349B2B821ED145D003875F2 /* Products */ = {
			isa = PBXGroup;
			children = (
				2349B2B721ED145D003875F2 /* SuperCool.app */,
				2349B2CB21ED145F003875F2 /* SuperCoolTests.xctest */,
				2349B2D621ED145F003875F2 /* SuperCoolUITests.xctest */,
			);
			name = Products;
			sourceTree = "<group>";
		};
		2349B2B921ED145D003875F2 /* SuperCool */ = {
			isa = PBXGroup;
			children = (
				2349B2BA21ED145D003875F2 /* AppDelegate.swift */,
				2349B2BC21ED145D003875F2 /* ViewController.swift */,
				2349B2BE21ED145D003875F2 /* Main.storyboard */,
				2349B2C121ED145F003875F2 /* Assets.xcassets */,
				2349B2C321ED145F003875F2 /* LaunchScreen.storyboard */,
				2349B2C621ED145F003875F2 /* Info.plist */,
			);
			path = SuperCool;
			sourceTree = "<group>";
		};
		2349B2CE21ED145F003875F2 /* SuperCoolTests */ = {
			isa = PBXGroup;
			children = (
				2349B2CF21ED145F003875F2 /* SuperCoolTests.swift */,
				2349B2D121ED145F003875F2 /* Info.plist */,
			);
			path = SuperCoolTests;
			sourceTree = "<group>";
		};
		2349B2D921ED145F003875F2 /* SuperCoolUITests */ = {
			isa = PBXGroup;
			children = (
				2349B2DA21ED145F003875F2 /* SuperCoolUITests.swift */,
				2349B2DC21ED145F003875F2 /* Info.plist */,
			);
			path = SuperCoolUITests;
			sourceTree = "<group>";
		};
/* End PBXGroup section */

/* Begin PBXNativeTarget section */
		2349B2B621ED145D003875F2 /* SuperCool */ = {
			isa = PBXNativeTarget;
			buildConfigurationList = 2349B2DF21ED145F003875F2 /* Build configuration list for PBXNativeTarget "SuperCool" */;
			buildPhases = (
				2349B2B321ED145D003875F2 /* Sources */,
				2349B2B421ED145D003875F2 /* Frameworks */,
				2349B2B521ED145D003875F2 /* Resources */,
			);
			buildRules = (
			);
			dependencies = (
			);
			name = SuperCool;
			productName = SuperCool;
			productReference = 2349B2B721ED145D003875F2 /* SuperCool.app */;
			productType = "com.apple.product-type.application";
		};
		2349B2CA21ED145F003875F2 /* SuperCoolTests */ = {
			isa = PBXNativeTarget;
			buildConfigurationList = 2349B2E221ED145F003875F2 /* Build configuration list for PBXNativeTarget "SuperCoolTests" */;
			buildPhases = (
				2349B2C721ED145F003875F2 /* Sources */,
				2349B2C821ED145F003875F2 /* Frameworks */,
				2349B2C921ED145F003875F2 /* Resources */,
			);
			buildRules = (
			);
			dependencies = (
				2349B2CD21ED145F003875F2 /* PBXTargetDependency */,
			);
			name = SuperCoolTests;
			productName = SuperCoolTests;
			productReference = 2349B2CB21ED145F003875F2 /* SuperCoolTests.xctest */;
			productType = "com.apple.product-type.bundle.unit-test";
		};
		2349B2D521ED145F003875F2 /* SuperCoolUITests */ = {
			isa = PBXNativeTarget;
			buildConfigurationList = 2349B2E521ED145F003875F2 /* Build configuration list for PBXNativeTarget "SuperCoolUITests" */;
			buildPhases = (
				2349B2D221ED145F003875F2 /* Sources */,
				2349B2D321ED145F003875F2 /* Frameworks */,
				2349B2D421ED145F003875F2 /* Resources */,
			);
			buildRules = (
			);
			dependencies = (
				2349B2D821ED145F003875F2 /* PBXTargetDependency */,
			);
			name = SuperCoolUITests;
			productName = SuperCoolUITests;
			productReference = 2349B2D621ED145F003875F2 /* SuperCoolUITests.xctest */;
			productType = "com.apple.product-type.bundle.ui-testing";
		};
/* End PBXNativeTarget section */

/* Begin PBXProject section */
		2349B2AF21ED145D003875F2 /* Project object */ = {
			isa = PBXProject;
			attributes = {
				LastSwiftUpdateCheck = 1010;
				LastUpgradeCheck = 1010;
				ORGANIZATIONNAME = "Isaac Lunsford";
				TargetAttributes = {
					2349B2B621ED145D003875F2 = {
						CreatedOnToolsVersion = 10.1;
					};
					2349B2CA21ED145F003875F2 = {
						CreatedOnToolsVersion = 10.1;
						TestTargetID = 2349B2B621ED145D003875F2;
					};
					2349B2D521ED145F003875F2 = {
						CreatedOnToolsVersion = 10.1;
						TestTargetID = 2349B2B621ED145D003875F2;
					};
				};
			};
			buildConfigurationList = 2349B2B221ED145D003875F2 /* Build configuration list for PBXProject "SuperCool" */;
			compatibilityVersion = "Xcode 9.3";
			developmentRegion = en;
			hasScannedForEncodings = 0;
			knownRegions = (
				en,
				Base,
			);
			mainGroup = 2349B2AE21ED145D003875F2;
			productRefGroup = 2349B2B821ED145D003875F2 /* Products */;
			projectDirPath = "";
			projectRoot = "";
			targets = (
				2349B2B621ED145D003875F2 /* SuperCool */,
				2349B2CA21ED145F003875F2 /* SuperCoolTests */,
				2349B2D521ED145F003875F2 /* SuperCoolUITests */,
			);
		};
/* End PBXProject section */

/* Begin PBXResourcesBuildPhase section */
		2349B2B521ED145D003875F2 /* Resources */ = {
			isa = PBXResourcesBuildPhase;
			buildActionMask = 2147483647;
			files = (
				2349B2C521ED145F003875F2 /* LaunchScreen.storyboard in Resources */,
				2349B2C221ED145F003875F2 /* Assets.xcassets in Resources */,
				2349B2C021ED145D003875F2 /* Main.storyboard in Resources */,
			);
			runOnlyForDeploymentPostprocessing = 0;
		};
		2349B2C921ED145F003875F2 /* Resources */ = {
			isa = PBXResourcesBuildPhase;
			buildActionMask = 2147483647;
			files = (
			);
			runOnlyForDeploymentPostprocessing = 0;
		};
		2349B2D421ED145F003875F2 /* Resources */ = {
			isa = PBXResourcesBuildPhase;
			buildActionMask = 2147483647;
			files = (
			);
			runOnlyForDeploymentPostprocessing = 0;
		};
/* End PBXResourcesBuildPhase section */

/* Begin PBXSourcesBuildPhase section */
		2349B2B321ED145D003875F2 /* Sources */ = {
			isa = PBXSourcesBuildPhase;
			buildActionMask = 2147483647;
			files = (
				2349B2BD21ED145D003875F2 /* ViewController.swift in Sources */,
				2349B2BB21ED145D003875F2 /* AppDelegate.swift in Sources */,
			);
			runOnlyForDeploymentPostprocessing = 0;
		};
		2349B2C721ED145F003875F2 /* Sources */ = {
			isa = PBXSourcesBuildPhase;
			buildActionMask = 2147483647;
			files = (
				2349B2D021ED145F003875F2 /* SuperCoolTests.swift in Sources */,
			);
			runOnlyForDeploymentPostprocessing = 0;
		};
		2349B2D221ED145F003875F2 /* Sources */ = {
			isa = PBXSourcesBuildPhase;
			buildActionMask = 2147483647;
			files = (
				2349B2DB21ED145F003875F2 /* SuperCoolUITests.swift in Sources */,
			);
			runOnlyForDeploymentPostprocessing = 0;
		};
/* End PBXSourcesBuildPhase section */

/* Begin PBXTargetDependency section */
		2349B2CD21ED145F003875F2 /* PBXTargetDependency */ = {
			isa = PBXTargetDependency;
			target = 2349B2B621ED145D003875F2 /* SuperCool */;
			targetProxy = 2349B2CC21ED145F003875F2 /* PBXContainerItemProxy */;
		};
		2349B2D821ED145F003875F2 /* PBXTargetDependency */ = {
			isa = PBXTargetDependency;
			target = 2349B2B621ED145D003875F2 /* SuperCool */;
			targetProxy = 2349B2D721ED145F003875F2 /* PBXContainerItemProxy */;
		};
/* End PBXTargetDependency section */

/* Begin PBXVariantGroup section */
		2349B2BE21ED145D003875F2 /* Main.storyboard */ = {
			isa = PBXVariantGroup;
			children = (
				2349B2BF21ED145D003875F2 /* Base */,
			);
			name = Main.storyboard;
			sourceTree = "<group>";
		};
		2349B2C321ED145F003875F2 /* LaunchScreen.storyboard */ = {
			isa = PBXVariantGroup;
			children = (
				2349B2C421ED145F003875F2 /* Base */,
			);
			name = LaunchScreen.storyboard;
			sourceTree = "<group>";
		};
/* End PBXVariantGroup section */

/* Begin XCBuildConfiguration section */
		2349B2DD21ED145F003875F2 /* Debug */ = {
			isa = XCBuildConfiguration;
			buildSettings = {
				ALWAYS_SEARCH_USER_PATHS = NO;
				CLANG_ANALYZER_NONNULL = YES;
				CLANG_ANALYZER_NUMBER_OBJECT_CONVERSION = YES_AGGRESSIVE;
				CLANG_CXX_LANGUAGE_STANDARD = "gnu++14";
				CLANG_CXX_LIBRARY = "libc++";
				CLANG_ENABLE_MODULES = YES;
				CLANG_ENABLE_OBJC_ARC = YES;
				CLANG_ENABLE_OBJC_WEAK = YES;
				CLANG_WARN_BLOCK_CAPTURE_AUTORELEASING = YES;
				CLANG_WARN_BOOL_CONVERSION = YES;
				CLANG_WARN_COMMA = YES;
				CLANG_WARN_CONSTANT_CONVERSION = YES;
				CLANG_WARN_DEPRECATED_OBJC_IMPLEMENTATIONS = YES;
				CLANG_WARN_DIRECT_OBJC_ISA_USAGE = YES_ERROR;
				CLANG_WARN_DOCUMENTATION_COMMENTS = YES;
				CLANG_WARN_EMPTY_BODY = YES;
				CLANG_WARN_ENUM_CONVERSION = YES;
				CLANG_WARN_INFINITE_RECURSION = YES;
				CLANG_WARN_INT_CONVERSION = YES;
				CLANG_WARN_NON_LITERAL_NULL_CONVERSION = YES;
				CLANG_WARN_OBJC_IMPLICIT_RETAIN_SELF = YES;
				CLANG_WARN_OBJC_LITERAL_CONVERSION = YES;
				CLANG_WARN_OBJC_ROOT_CLASS = YES_ERROR;
				CLANG_WARN_RANGE_LOOP_ANALYSIS = YES;
				CLANG_WARN_STRICT_PROTOTYPES = YES;
				CLANG_WARN_SUSPICIOUS_MOVE = YES;
				CLANG_WARN_UNGUARDED_AVAILABILITY = YES_AGGRESSIVE;
				CLANG_WARN_UNREACHABLE_CODE = YES;
				CLANG_WARN__DUPLICATE_METHOD_MATCH = YES;
				CODE_SIGN_IDENTITY = "iPhone Developer";
				COPY_PHASE_STRIP = NO;
				DEBUG_INFORMATION_FORMAT = dwarf;
				ENABLE_STRICT_OBJC_MSGSEND = YES;
				ENABLE_TESTABILITY = YES;
				GCC_C_LANGUAGE_STANDARD = gnu11;
				GCC_DYNAMIC_NO_PIC = NO;
				GCC_NO_COMMON_BLOCKS = YES;
				GCC_OPTIMIZATION_LEVEL = 0;
				GCC_PREPROCESSOR_DEFINITIONS = (
					"DEBUG=1",
					"$(inherited)",
				);
				GCC_WARN_64_TO_32_BIT_CONVERSION = YES;
				GCC_WARN_ABOUT_RETURN_TYPE = YES_ERROR;
				GCC_WARN_UNDECLARED_SELECTOR = YES;
				GCC_WARN_UNINITIALIZED_AUTOS = YES_AGGRESSIVE;
				GCC_WARN_UNUSED_FUNCTION = YES;
				GCC_WARN_UNUSED_VARIABLE = YES;
				IPHONEOS_DEPLOYMENT_TARGET = 12.1;
				MTL_ENABLE_DEBUG_INFO = INCLUDE_SOURCE;
				MTL_FAST_MATH = YES;
				ONLY_ACTIVE_ARCH = YES;
				SDKROOT = iphoneos;
				SWIFT_ACTIVE_COMPILATION_CONDITIONS = DEBUG;
				SWIFT_OPTIMIZATION_LEVEL = "-Onone";
			};
			name = Debug;
		};
		2349B2DE21ED145F003875F2 /* Release */ = {
			isa = XCBuildConfiguration;
			buildSettings = {
				ALWAYS_SEARCH_USER_PATHS = NO;
				CLANG_ANALYZER_NONNULL = YES;
				CLANG_ANALYZER_NUMBER_OBJECT_CONVERSION = YES_AGGRESSIVE;
				CLANG_CXX_LANGUAGE_STANDARD = "gnu++14";
				CLANG_CXX_LIBRARY = "libc++";
				CLANG_ENABLE_MODULES = YES;
				CLANG_ENABLE_OBJC_ARC = YES;
				CLANG_ENABLE_OBJC_WEAK = YES;
				CLANG_WARN_BLOCK_CAPTURE_AUTORELEASING = YES;
				CLANG_WARN_BOOL_CONVERSION = YES;
				CLANG_WARN_COMMA = YES;
				CLANG_WARN_CONSTANT_CONVERSION = YES;
				CLANG_WARN_DEPRECATED_OBJC_IMPLEMENTATIONS = YES;
				CLANG_WARN_DIRECT_OBJC_ISA_USAGE = YES_ERROR;
				CLANG_WARN_DOCUMENTATION_COMMENTS = YES;
				CLANG_WARN_EMPTY_BODY = YES;
				CLANG_WARN_ENUM_CONVERSION = YES;
				CLANG_WARN_INFINITE_RECURSION = YES;
				CLANG_WARN_INT_CONVERSION = YES;
				CLANG_WARN_NON_LITERAL_NULL_CONVERSION = YES;
				CLANG_WARN_OBJC_IMPLICIT_RETAIN_SELF = YES;
				CLANG_WARN_OBJC_LITERAL_CONVERSION = YES;
				CLANG_WARN_OBJC_ROOT_CLASS = YES_ERROR;
				CLANG_WARN_RANGE_LOOP_ANALYSIS = YES;
				CLANG_WARN_STRICT_PROTOTYPES = YES;
				CLANG_WARN_SUSPICIOUS_MOVE = YES;
				CLANG_WARN_UNGUARDED_AVAILABILITY = YES_AGGRESSIVE;
				CLANG_WARN_UNREACHABLE_CODE = YES;
				CLANG_WARN__DUPLICATE_METHOD_MATCH = YES;
				CODE_SIGN_IDENTITY = "iPhone Developer";
				COPY_PHASE_STRIP = NO;
				DEBUG_INFORMATION_FORMAT = "dwarf-with-dsym";
				ENABLE_NS_ASSERTIONS = NO;
				ENABLE_STRICT_OBJC_MSGSEND = YES;
				GCC_C_LANGUAGE_STANDARD = gnu11;
				GCC_NO_COMMON_BLOCKS = YES;
				GCC_WARN_64_TO_32_BIT_CONVERSION = YES;
				GCC_WARN_ABOUT_RETURN_TYPE = YES_ERROR;
				GCC_WARN_UNDECLARED_SELECTOR = YES;
				GCC_WARN_UNINITIALIZED_AUTOS = YES_AGGRESSIVE;
				GCC_WARN_UNUSED_FUNCTION = YES;
				GCC_WARN_UNUSED_VARIABLE = YES;
				IPHONEOS_DEPLOYMENT_TARGET = 12.1;
				MTL_ENABLE_DEBUG_INFO = NO;
				MTL_FAST_MATH = YES;
				SDKROOT = iphoneos;
				SWIFT_COMPILATION_MODE = wholemodule;
				SWIFT_OPTIMIZATION_LEVEL = "-O";
				VALIDATE_PRODUCT = YES;
			};
			name = Release;
		};
		2349B2E021ED145F003875F2 /* Debug */ = {
			isa = XCBuildConfiguration;
			buildSettings = {
				ASSETCATALOG_COMPILER_APPICON_NAME = AppIcon;
				CODE_SIGN_STYLE = Automatic;
				INFOPLIST_FILE = SuperCool/Info.plist;
				LD_RUNPATH_SEARCH_PATHS = (
					"$(inherited)",
					"@executable_path/Frameworks",
				);
				PRODUCT_BUNDLE_IDENTIFIER = Isaachar.SuperCool;
				PRODUCT_NAME = "$(TARGET_NAME)";
				SWIFT_VERSION = 4.2;
				TARGETED_DEVICE_FAMILY = 1;
			};
			name = Debug;
		};
		2349B2E121ED145F003875F2 /* Release */ = {
			isa = XCBuildConfiguration;
			buildSettings = {
				ASSETCATALOG_COMPILER_APPICON_NAME = AppIcon;
				CODE_SIGN_STYLE = Automatic;
				INFOPLIST_FILE = SuperCool/Info.plist;
				LD_RUNPATH_SEARCH_PATHS = (
					"$(inherited)",
					"@executable_path/Frameworks",
				);
				PRODUCT_BUNDLE_IDENTIFIER = Isaachar.SuperCool;
				PRODUCT_NAME = "$(TARGET_NAME)";
				SWIFT_VERSION = 4.2;
				TARGETED_DEVICE_FAMILY = 1;
			};
			name = Release;
		};
		2349B2E321ED145F003875F2 /* Debug */ = {
			isa = XCBuildConfiguration;
			buildSettings = {
				ALWAYS_EMBED_SWIFT_STANDARD_LIBRARIES = YES;
				BUNDLE_LOADER = "$(TEST_HOST)";
				CODE_SIGN_STYLE = Automatic;
				INFOPLIST_FILE = SuperCoolTests/Info.plist;
				LD_RUNPATH_SEARCH_PATHS = (
					"$(inherited)",
					"@executable_path/Frameworks",
					"@loader_path/Frameworks",
				);
				PRODUCT_BUNDLE_IDENTIFIER = Isaachar.SuperCoolTests;
				PRODUCT_NAME = "$(TARGET_NAME)";
				SWIFT_VERSION = 4.2;
				TARGETED_DEVICE_FAMILY = "1,2";
				TEST_HOST = "$(BUILT_PRODUCTS_DIR)/SuperCool.app/SuperCool";
			};
			name = Debug;
		};
		2349B2E421ED145F003875F2 /* Release */ = {
			isa = XCBuildConfiguration;
			buildSettings = {
				ALWAYS_EMBED_SWIFT_STANDARD_LIBRARIES = YES;
				BUNDLE_LOADER = "$(TEST_HOST)";
				CODE_SIGN_STYLE = Automatic;
				INFOPLIST_FILE = SuperCoolTests/Info.plist;
				LD_RUNPATH_SEARCH_PATHS = (
					"$(inherited)",
					"@executable_path/Frameworks",
					"@loader_path/Frameworks",
				);
				PRODUCT_BUNDLE_IDENTIFIER = Isaachar.SuperCoolTests;
				PRODUCT_NAME = "$(TARGET_NAME)";
				SWIFT_VERSION = 4.2;
				TARGETED_DEVICE_FAMILY = "1,2";
				TEST_HOST = "$(BUILT_PRODUCTS_DIR)/SuperCool.app/SuperCool";
			};
			name = Release;
		};
		2349B2E621ED145F003875F2 /* Debug */ = {
			isa = XCBuildConfiguration;
			buildSettings = {
				ALWAYS_EMBED_SWIFT_STANDARD_LIBRARIES = YES;
				CODE_SIGN_STYLE = Automatic;
				INFOPLIST_FILE = SuperCoolUITests/Info.plist;
				LD_RUNPATH_SEARCH_PATHS = (
					"$(inherited)",
					"@executable_path/Frameworks",
					"@loader_path/Frameworks",
				);
				PRODUCT_BUNDLE_IDENTIFIER = Isaachar.SuperCoolUITests;
				PRODUCT_NAME = "$(TARGET_NAME)";
				SWIFT_VERSION = 4.2;
				TARGETED_DEVICE_FAMILY = "1,2";
				TEST_TARGET_NAME = SuperCool;
			};
			name = Debug;
		};
		2349B2E721ED145F003875F2 /* Release */ = {
			isa = XCBuildConfiguration;
			buildSettings = {
				ALWAYS_EMBED_SWIFT_STANDARD_LIBRARIES = YES;
				CODE_SIGN_STYLE = Automatic;
				INFOPLIST_FILE = SuperCoolUITests/Info.plist;
				LD_RUNPATH_SEARCH_PATHS = (
					"$(inherited)",
					"@executable_path/Frameworks",
					"@loader_path/Frameworks",
				);
				PRODUCT_BUNDLE_IDENTIFIER = Isaachar.SuperCoolUITests;
				PRODUCT_NAME = "$(TARGET_NAME)";
				SWIFT_VERSION = 4.2;
				TARGETED_DEVICE_FAMILY = "1,2";
				TEST_TARGET_NAME = SuperCool;
			};
			name = Release;
		};
/* End XCBuildConfiguration section */

/* Begin XCConfigurationList section */
		2349B2B221ED145D003875F2 /* Build configuration list for PBXProject "SuperCool" */ = {
			isa = XCConfigurationList;
			buildConfigurations = (
				2349B2DD21ED145F003875F2 /* Debug */,
				2349B2DE21ED145F003875F2 /* Release */,
			);
			defaultConfigurationIsVisible = 0;
			defaultConfigurationName = Release;
		};
		2349B2DF21ED145F003875F2 /* Build configuration list for PBXNativeTarget "SuperCool" */ = {
			isa = XCConfigurationList;
			buildConfigurations = (
				2349B2E021ED145F003875F2 /* Debug */,
				2349B2E121ED145F003875F2 /* Release */,
			);
			defaultConfigurationIsVisible = 0;
			defaultConfigurationName = Release;
		};
		2349B2E221ED145F003875F2 /* Build configuration list for PBXNativeTarget "SuperCoolTests" */ = {
			isa = XCConfigurationList;
			buildConfigurations = (
				2349B2E321ED145F003875F2 /* Debug */,
				2349B2E421ED145F003875F2 /* Release */,
			);
			defaultConfigurationIsVisible = 0;
			defaultConfigurationName = Release;
		};
		2349B2E521ED145F003875F2 /* Build configuration list for PBXNativeTarget "SuperCoolUITests" */ = {
			isa = XCConfigurationList;
			buildConfigurations = (
				2349B2E621ED145F003875F2 /* Debug */,
				2349B2E721ED145F003875F2 /* Release */,
			);
			defaultConfigurationIsVisible = 0;
			defaultConfigurationName = Release;
		};
/* End XCConfigurationList section */
	};
	rootObject = 2349B2AF21ED145D003875F2 /* Project object */;
}
